
Microsoft Visual Studio Solution File, Format Version 12.00
# Visual Studio Version 16
VisualStudioVersion = 16.0.30523.141
MinimumVisualStudioVersion = 10.0.40219.1
Project("{FAE04EC0-301F-11D3-BF4B-00C04F79EFBC}") = "WpfApp7", "WpfApp7\WpfApp7.csproj", "{530349C7-1433-4828-A054-0094B3332342}"
EndProject
Global
	GlobalSection(SolutionConfigurationPlatforms) = preSolution
		Debug|Any CPU = Debug|Any CPU
		Release|Any CPU = Release|Any CPU
	EndGlobalSection
	GlobalSection(ProjectConfigurationPlatforms) = postSolution
		{530349C7-1433-4828-A054-0094B3332342}.Debug|Any CPU.ActiveCfg = Debug|Any CPU
		{530349C7-1433-4828-A054-0094B3332342}.Debug|Any CPU.Build.0 = Debug|Any CPU
		{530349C7-1433-4828-A054-0094B3332342}.Release|Any CPU.ActiveCfg = Release|Any CPU
		{530349C7-1433-4828-A054-0094B3332342}.Release|Any CPU.Build.0 = Release|Any CPU
	EndGlobalSection
	GlobalSection(SolutionProperties) = preSolution
		HideSolutionNode = FALSE
	EndGlobalSection
	GlobalSection(ExtensibilityGlobals) = postSolution
		SolutionGuid = {59769395-2181-4B6F-95CC-3A44B8958FF8}
	EndGlobalSection
EndGlobal
